
Microsoft Visual Studio Solution File, Format Version 12.00
# Visual Studio Version 16
VisualStudioVersion = 16.0.29409.12
MinimumVisualStudioVersion = 10.0.40219.1
Project("{FAE04EC0-301F-11D3-BF4B-00C04F79EFBC}") = "Week12_AspNetCore", "Week12_AspNetCore\Week12_AspNetCore.csproj", "{706F39D3-4FEB-431D-B067-A81F1B1152AE}"
EndProject
Global
	GlobalSection(SolutionConfigurationPlatforms) = preSolution
		Debug|Any CPU = Debug|Any CPU
		Release|Any CPU = Release|Any CPU
	EndGlobalSection
	GlobalSection(ProjectConfigurationPlatforms) = postSolution
		{706F39D3-4FEB-431D-B067-A81F1B1152AE}.Debug|Any CPU.ActiveCfg = Debug|Any CPU
		{706F39D3-4FEB-431D-B067-A81F1B1152AE}.Debug|Any CPU.Build.0 = Debug|Any CPU
		{706F39D3-4FEB-431D-B067-A81F1B1152AE}.Release|Any CPU.ActiveCfg = Release|Any CPU
		{706F39D3-4FEB-431D-B067-A81F1B1152AE}.Release|Any CPU.Build.0 = Release|Any CPU
	EndGlobalSection
	GlobalSection(SolutionProperties) = preSolution
		HideSolutionNode = FALSE
	EndGlobalSection
	GlobalSection(ExtensibilityGlobals) = postSolution
		SolutionGuid = {4DD1E0A2-0D40-42A6-8810-218D5C4A59F6}
	EndGlobalSection
EndGlobal
