
Microsoft Visual Studio Solution File, Format Version 12.00
# Visual Studio 15
VisualStudioVersion = 15.0.28010.2046
MinimumVisualStudioVersion = 10.0.40219.1
Project("{FAE04EC0-301F-11D3-BF4B-00C04F79EFBC}") = "Week1_Magic8Ball", "Week1_Magic8Ball\Week1_Magic8Ball.csproj", "{C471EB06-E772-4510-93BF-FA8D6074E65F}"
EndProject
Global
	GlobalSection(SolutionConfigurationPlatforms) = preSolution
		Debug|Any CPU = Debug|Any CPU
		Release|Any CPU = Release|Any CPU
	EndGlobalSection
	GlobalSection(ProjectConfigurationPlatforms) = postSolution
		{C471EB06-E772-4510-93BF-FA8D6074E65F}.Debug|Any CPU.ActiveCfg = Debug|Any CPU
		{C471EB06-E772-4510-93BF-FA8D6074E65F}.Debug|Any CPU.Build.0 = Debug|Any CPU
		{C471EB06-E772-4510-93BF-FA8D6074E65F}.Release|Any CPU.ActiveCfg = Release|Any CPU
		{C471EB06-E772-4510-93BF-FA8D6074E65F}.Release|Any CPU.Build.0 = Release|Any CPU
	EndGlobalSection
	GlobalSection(SolutionProperties) = preSolution
		HideSolutionNode = FALSE
	EndGlobalSection
	GlobalSection(ExtensibilityGlobals) = postSolution
		SolutionGuid = {FA7DC4CA-0A7D-477A-BF14-2DA283D73127}
	EndGlobalSection
EndGlobal
